
Microsoft Visual Studio Solution File, Format Version 12.00
# Visual Studio 15
VisualStudioVersion = 15.0.28010.2048
MinimumVisualStudioVersion = 10.0.40219.1
Project("{888888A0-9F3D-457C-B088-3A5042F75D52}") = "L-Systems", "L-Systems.pyproj", "{70E0E789-CD1D-44C7-9837-BA80DF3851BA}"
EndProject
Global
	GlobalSection(SolutionConfigurationPlatforms) = preSolution
		Debug|Any CPU = Debug|Any CPU
		Release|Any CPU = Release|Any CPU
	EndGlobalSection
	GlobalSection(ProjectConfigurationPlatforms) = postSolution
		{70E0E789-CD1D-44C7-9837-BA80DF3851BA}.Debug|Any CPU.ActiveCfg = Debug|Any CPU
		{70E0E789-CD1D-44C7-9837-BA80DF3851BA}.Release|Any CPU.ActiveCfg = Release|Any CPU
	EndGlobalSection
	GlobalSection(SolutionProperties) = preSolution
		HideSolutionNode = FALSE
	EndGlobalSection
	GlobalSection(ExtensibilityGlobals) = postSolution
		SolutionGuid = {ADB21284-6EE8-402C-8885-DF460D4CAC1A}
	EndGlobalSection
EndGlobal
